
Microsoft Visual Studio Solution File, Format Version 12.00
# Visual Studio 15
VisualStudioVersion = 15.0.27428.1
MinimumVisualStudioVersion = 10.0.40219.1
Project("{FAE04EC0-301F-11D3-BF4B-00C04F79EFBC}") = "AgProg", "AgProg\AgProg.csproj", "{7E5EC7EF-1909-4D2B-8888-588D9DAE5AA7}"
EndProject
Global
	GlobalSection(SolutionConfigurationPlatforms) = preSolution
		Debug|Any CPU = Debug|Any CPU
		Release|Any CPU = Release|Any CPU
	EndGlobalSection
	GlobalSection(ProjectConfigurationPlatforms) = postSolution
		{7E5EC7EF-1909-4D2B-8888-588D9DAE5AA7}.Debug|Any CPU.ActiveCfg = Debug|Any CPU
		{7E5EC7EF-1909-4D2B-8888-588D9DAE5AA7}.Debug|Any CPU.Build.0 = Debug|Any CPU
		{7E5EC7EF-1909-4D2B-8888-588D9DAE5AA7}.Release|Any CPU.ActiveCfg = Release|Any CPU
		{7E5EC7EF-1909-4D2B-8888-588D9DAE5AA7}.Release|Any CPU.Build.0 = Release|Any CPU
	EndGlobalSection
	GlobalSection(SolutionProperties) = preSolution
		HideSolutionNode = FALSE
	EndGlobalSection
	GlobalSection(ExtensibilityGlobals) = postSolution
		SolutionGuid = {2955C704-364E-42BB-9476-9774190DE820}
	EndGlobalSection
EndGlobal
